// !$*UTF8*$!
{
	archiveVersion = 1;
	classes = {
	};
	objectVersion = 56;
	objects = {

/* Begin PBXBuildFile section */
		3945CCB22D81FF20005B6DE2 /*  ISSPositionDomainError.swift in Sources */ = {isa = PBXBuildFile; fileRef = 3945CCB12D81FF20005B6DE2 /*  ISSPositionDomainError.swift */; };
		3945CCB52D82098A005B6DE2 /* ISSPositionMapper.swift in Sources */ = {isa = PBXBuildFile; fileRef = 3945CCB42D82098A005B6DE2 /* ISSPositionMapper.swift */; };
		3945CCCA2D832834005B6DE2 /* LastPositionModel+CoreDataClass.swift in Sources */ = {isa = PBXBuildFile; fileRef = 3945CCC82D832834005B6DE2 /* LastPositionModel+CoreDataClass.swift */; };
		3945CCCB2D832834005B6DE2 /* LastPositionModel+CoreDataProperties.swift in Sources */ = {isa = PBXBuildFile; fileRef = 3945CCC92D832834005B6DE2 /* LastPositionModel+CoreDataProperties.swift */; };
		3945CCCD2D8329ED005B6DE2 /* CoreDataManager.swift in Sources */ = {isa = PBXBuildFile; fileRef = 3945CCCC2D8329ED005B6DE2 /* CoreDataManager.swift */; };
		3945CCD72D835C7B005B6DE2 /* LastPositionModel.xcdatamodeld in Sources */ = {isa = PBXBuildFile; fileRef = 3945CCD52D835C7B005B6DE2 /* LastPositionModel.xcdatamodeld */; };
		39ED0E762B840DAB00D387A6 /* Assets.xcassets in Resources */ = {isa = PBXBuildFile; fileRef = 39ED0E752B840DAB00D387A6 /* Assets.xcassets */; };
		39ED0E792B840DC100D387A6 /* DataConstants.swift in Sources */ = {isa = PBXBuildFile; fileRef = 39ED0E782B840DC100D387A6 /* DataConstants.swift */; };
		39ED0E7D2B840DD500D387A6 /* DependencyContainer.swift in Sources */ = {isa = PBXBuildFile; fileRef = 39ED0E7C2B840DD500D387A6 /* DependencyContainer.swift */; };
		39ED0E822B840DDB00D387A6 /* SavePositionCoreDataRepository.swift in Sources */ = {isa = PBXBuildFile; fileRef = 39ED0E7F2B840DDB00D387A6 /* SavePositionCoreDataRepository.swift */; };
		39ED0E832B840DDB00D387A6 /* GetPositionCoreDataRepository.swift in Sources */ = {isa = PBXBuildFile; fileRef = 39ED0E802B840DDB00D387A6 /* GetPositionCoreDataRepository.swift */; };
		39ED0E842B840DDB00D387A6 /* GetPositionAPIClientRepository.swift in Sources */ = {isa = PBXBuildFile; fileRef = 39ED0E812B840DDB00D387A6 /* GetPositionAPIClientRepository.swift */; };
		39ED0E922B840F5C00D387A6 /* ISSPositionDataError.swift in Sources */ = {isa = PBXBuildFile; fileRef = 39ED0E912B840F5C00D387A6 /* ISSPositionDataError.swift */; };
		39ED0E952B840F6000D387A6 /* ISSPositionUseCaseProvider.swift in Sources */ = {isa = PBXBuildFile; fileRef = 39ED0E942B840F6000D387A6 /* ISSPositionUseCaseProvider.swift */; };
		39ED0E9A2B840F6600D387A6 /* GetPositionAPIClientUseCase.swift in Sources */ = {isa = PBXBuildFile; fileRef = 39ED0E972B840F6600D387A6 /* GetPositionAPIClientUseCase.swift */; };
		39ED0E9B2B840F6600D387A6 /* SavePositionCoreDataUseCase.swift in Sources */ = {isa = PBXBuildFile; fileRef = 39ED0E982B840F6600D387A6 /* SavePositionCoreDataUseCase.swift */; };
		39ED0E9C2B840F6600D387A6 /* GetPositionCoreDataUseCase.swift in Sources */ = {isa = PBXBuildFile; fileRef = 39ED0E992B840F6600D387A6 /* GetPositionCoreDataUseCase.swift */; };
		39ED0E9F2B840F7D00D387A6 /* PresentationConstants.swift in Sources */ = {isa = PBXBuildFile; fileRef = 39ED0E9E2B840F7D00D387A6 /* PresentationConstants.swift */; };
		39ED0EA22B840F8200D387A6 /* ISSPositionModel.swift in Sources */ = {isa = PBXBuildFile; fileRef = 39ED0EA12B840F8200D387A6 /* ISSPositionModel.swift */; };
		39ED0EA52B840F8600D387A6 /* InitialView.swift in Sources */ = {isa = PBXBuildFile; fileRef = 39ED0EA42B840F8600D387A6 /* InitialView.swift */; };
		39ED0EA82B840F9200D387A6 /* ISS_trackerApp.swift in Sources */ = {isa = PBXBuildFile; fileRef = 39ED0EA72B840F9200D387A6 /* ISS_trackerApp.swift */; };
		39ED0EAB2B840F9F00D387A6 /* SplashView.swift in Sources */ = {isa = PBXBuildFile; fileRef = 39ED0EAA2B840F9F00D387A6 /* SplashView.swift */; };
		39ED0EB02B840FA300D387A6 /* MapView.swift in Sources */ = {isa = PBXBuildFile; fileRef = 39ED0EAD2B840FA300D387A6 /* MapView.swift */; };
		39ED0EB12B840FA300D387A6 /* LabelsView.swift in Sources */ = {isa = PBXBuildFile; fileRef = 39ED0EAE2B840FA300D387A6 /* LabelsView.swift */; };
		39ED0EB22B840FA300D387A6 /* ButtonsView.swift in Sources */ = {isa = PBXBuildFile; fileRef = 39ED0EAF2B840FA300D387A6 /* ButtonsView.swift */; };
		39ED0EB52B840FA900D387A6 /* ISSPositionView.swift in Sources */ = {isa = PBXBuildFile; fileRef = 39ED0EB42B840FA900D387A6 /* ISSPositionView.swift */; };
		39ED0EB82B840FAE00D387A6 /* ISSPositionViewModel.swift in Sources */ = {isa = PBXBuildFile; fileRef = 39ED0EB72B840FAE00D387A6 /* ISSPositionViewModel.swift */; };
		39ED0EBA2B84113F00D387A6 /* ISSPositionDTO.swift in Sources */ = {isa = PBXBuildFile; fileRef = 39ED0EB92B84113F00D387A6 /* ISSPositionDTO.swift */; };
/* End PBXBuildFile section */

/* Begin PBXFileReference section */
		3945CCB12D81FF20005B6DE2 /*  ISSPositionDomainError.swift */ = {isa = PBXFileReference; lastKnownFileType = sourcecode.swift; path = " ISSPositionDomainError.swift"; sourceTree = "<group>"; };
		3945CCB42D82098A005B6DE2 /* ISSPositionMapper.swift */ = {isa = PBXFileReference; lastKnownFileType = sourcecode.swift; path = ISSPositionMapper.swift; sourceTree = "<group>"; };
		3945CCC82D832834005B6DE2 /* LastPositionModel+CoreDataClass.swift */ = {isa = PBXFileReference; lastKnownFileType = sourcecode.swift; path = "LastPositionModel+CoreDataClass.swift"; sourceTree = "<group>"; };
		3945CCC92D832834005B6DE2 /* LastPositionModel+CoreDataProperties.swift */ = {isa = PBXFileReference; lastKnownFileType = sourcecode.swift; path = "LastPositionModel+CoreDataProperties.swift"; sourceTree = "<group>"; };
		3945CCCC2D8329ED005B6DE2 /* CoreDataManager.swift */ = {isa = PBXFileReference; lastKnownFileType = sourcecode.swift; path = CoreDataManager.swift; sourceTree = "<group>"; };
		3945CCD62D835C7B005B6DE2 /* LastPositionModel.xcdatamodel */ = {isa = PBXFileReference; lastKnownFileType = wrapper.xcdatamodel; path = LastPositionModel.xcdatamodel; sourceTree = "<group>"; };
		394958EB2B84D3D600741BE1 /* Info.plist */ = {isa = PBXFileReference; lastKnownFileType = text.plist; path = Info.plist; sourceTree = "<group>"; };
		39ED0E5B2B840D7D00D387A6 /* ISSTracker.app */ = {isa = PBXFileReference; explicitFileType = wrapper.application; includeInIndex = 0; path = ISSTracker.app; sourceTree = BUILT_PRODUCTS_DIR; };
		39ED0E752B840DAB00D387A6 /* Assets.xcassets */ = {isa = PBXFileReference; lastKnownFileType = folder.assetcatalog; path = Assets.xcassets; sourceTree = "<group>"; };
		39ED0E782B840DC100D387A6 /* DataConstants.swift */ = {isa = PBXFileReference; fileEncoding = 4; lastKnownFileType = sourcecode.swift; path = DataConstants.swift; sourceTree = "<group>"; };
		39ED0E7C2B840DD500D387A6 /* DependencyContainer.swift */ = {isa = PBXFileReference; fileEncoding = 4; lastKnownFileType = sourcecode.swift; path = DependencyContainer.swift; sourceTree = "<group>"; };
		39ED0E7F2B840DDB00D387A6 /* SavePositionCoreDataRepository.swift */ = {isa = PBXFileReference; fileEncoding = 4; lastKnownFileType = sourcecode.swift; path = SavePositionCoreDataRepository.swift; sourceTree = "<group>"; };
		39ED0E802B840DDB00D387A6 /* GetPositionCoreDataRepository.swift */ = {isa = PBXFileReference; fileEncoding = 4; lastKnownFileType = sourcecode.swift; path = GetPositionCoreDataRepository.swift; sourceTree = "<group>"; };
		39ED0E812B840DDB00D387A6 /* GetPositionAPIClientRepository.swift */ = {isa = PBXFileReference; fileEncoding = 4; lastKnownFileType = sourcecode.swift; path = GetPositionAPIClientRepository.swift; sourceTree = "<group>"; };
		39ED0E912B840F5C00D387A6 /* ISSPositionDataError.swift */ = {isa = PBXFileReference; fileEncoding = 4; lastKnownFileType = sourcecode.swift; path = ISSPositionDataError.swift; sourceTree = "<group>"; };
		39ED0E942B840F6000D387A6 /* ISSPositionUseCaseProvider.swift */ = {isa = PBXFileReference; fileEncoding = 4; lastKnownFileType = sourcecode.swift; path = ISSPositionUseCaseProvider.swift; sourceTree = "<group>"; };
		39ED0E972B840F6600D387A6 /* GetPositionAPIClientUseCase.swift */ = {isa = PBXFileReference; fileEncoding = 4; lastKnownFileType = sourcecode.swift; path = GetPositionAPIClientUseCase.swift; sourceTree = "<group>"; };
		39ED0E982B840F6600D387A6 /* SavePositionCoreDataUseCase.swift */ = {isa = PBXFileReference; fileEncoding = 4; lastKnownFileType = sourcecode.swift; path = SavePositionCoreDataUseCase.swift; sourceTree = "<group>"; };
		39ED0E992B840F6600D387A6 /* GetPositionCoreDataUseCase.swift */ = {isa = PBXFileReference; fileEncoding = 4; lastKnownFileType = sourcecode.swift; path = GetPositionCoreDataUseCase.swift; sourceTree = "<group>"; };
		39ED0E9E2B840F7D00D387A6 /* PresentationConstants.swift */ = {isa = PBXFileReference; fileEncoding = 4; lastKnownFileType = sourcecode.swift; path = PresentationConstants.swift; sourceTree = "<group>"; };
		39ED0EA12B840F8200D387A6 /* ISSPositionModel.swift */ = {isa = PBXFileReference; fileEncoding = 4; lastKnownFileType = sourcecode.swift; path = ISSPositionModel.swift; sourceTree = "<group>"; };
		39ED0EA42B840F8600D387A6 /* InitialView.swift */ = {isa = PBXFileReference; fileEncoding = 4; lastKnownFileType = sourcecode.swift; path = InitialView.swift; sourceTree = "<group>"; };
		39ED0EA72B840F9200D387A6 /* ISS_trackerApp.swift */ = {isa = PBXFileReference; fileEncoding = 4; lastKnownFileType = sourcecode.swift; path = ISS_trackerApp.swift; sourceTree = "<group>"; };
		39ED0EAA2B840F9F00D387A6 /* SplashView.swift */ = {isa = PBXFileReference; fileEncoding = 4; lastKnownFileType = sourcecode.swift; path = SplashView.swift; sourceTree = "<group>"; };
		39ED0EAD2B840FA300D387A6 /* MapView.swift */ = {isa = PBXFileReference; fileEncoding = 4; lastKnownFileType = sourcecode.swift; path = MapView.swift; sourceTree = "<group>"; };
		39ED0EAE2B840FA300D387A6 /* LabelsView.swift */ = {isa = PBXFileReference; fileEncoding = 4; lastKnownFileType = sourcecode.swift; path = LabelsView.swift; sourceTree = "<group>"; };
		39ED0EAF2B840FA300D387A6 /* ButtonsView.swift */ = {isa = PBXFileReference; fileEncoding = 4; lastKnownFileType = sourcecode.swift; path = ButtonsView.swift; sourceTree = "<group>"; };
		39ED0EB42B840FA900D387A6 /* ISSPositionView.swift */ = {isa = PBXFileReference; fileEncoding = 4; lastKnownFileType = sourcecode.swift; path = ISSPositionView.swift; sourceTree = "<group>"; };
		39ED0EB72B840FAE00D387A6 /* ISSPositionViewModel.swift */ = {isa = PBXFileReference; fileEncoding = 4; lastKnownFileType = sourcecode.swift; path = ISSPositionViewModel.swift; sourceTree = "<group>"; };
		39ED0EB92B84113F00D387A6 /* ISSPositionDTO.swift */ = {isa = PBXFileReference; lastKnownFileType = sourcecode.swift; path = ISSPositionDTO.swift; sourceTree = "<group>"; };
/* End PBXFileReference section */

/* Begin PBXFrameworksBuildPhase section */
		39ED0E582B840D7D00D387A6 /* Frameworks */ = {
			isa = PBXFrameworksBuildPhase;
			buildActionMask = 2147483647;
			files = (
			);
			runOnlyForDeploymentPostprocessing = 0;
		};
/* End PBXFrameworksBuildPhase section */

/* Begin PBXGroup section */
		3945CCB02D81FF0A005B6DE2 /* Enum */ = {
			isa = PBXGroup;
			children = (
				3945CCB12D81FF20005B6DE2 /*  ISSPositionDomainError.swift */,
			);
			path = Enum;
			sourceTree = "<group>";
		};
		3945CCB32D82094C005B6DE2 /* Mapper */ = {
			isa = PBXGroup;
			children = (
				3945CCB42D82098A005B6DE2 /* ISSPositionMapper.swift */,
			);
			path = Mapper;
			sourceTree = "<group>";
		};
		3945CCB62D831364005B6DE2 /* CoreData */ = {
			isa = PBXGroup;
			children = (
				3945CCD52D835C7B005B6DE2 /* LastPositionModel.xcdatamodeld */,
				3945CCC82D832834005B6DE2 /* LastPositionModel+CoreDataClass.swift */,
				3945CCC92D832834005B6DE2 /* LastPositionModel+CoreDataProperties.swift */,
				3945CCCC2D8329ED005B6DE2 /* CoreDataManager.swift */,
			);
			path = CoreData;
			sourceTree = "<group>";
		};
		3945CCCE2D8345C3005B6DE2 /* Composition Root */ = {
			isa = PBXGroup;
			children = (
				39ED0E932B840F6000D387A6 /* UseCaseProvider */,
				39ED0EA62B840F9200D387A6 /* Main */,
				39ED0E7B2B840DD500D387A6 /*  Dependencies */,
			);
			path = "Composition Root";
			sourceTree = "<group>";
		};
		39ED0E522B840D7D00D387A6 = {
			isa = PBXGroup;
			children = (
				39ED0E5D2B840D7D00D387A6 /* ISSTracker */,
				39ED0E5C2B840D7D00D387A6 /* Products */,
			);
			sourceTree = "<group>";
		};
		39ED0E5C2B840D7D00D387A6 /* Products */ = {
			isa = PBXGroup;
			children = (
				39ED0E5B2B840D7D00D387A6 /* ISSTracker.app */,
			);
			name = Products;
			sourceTree = "<group>";
		};
		39ED0E5D2B840D7D00D387A6 /* ISSTracker */ = {
			isa = PBXGroup;
			children = (
				394958EB2B84D3D600741BE1 /* Info.plist */,
				3945CCCE2D8345C3005B6DE2 /* Composition Root */,
				39ED0E732B840D9E00D387A6 /* Presentation */,
				39ED0E722B840D9800D387A6 /* Domain */,
				39ED0E712B840D9200D387A6 /* Data */,
			);
			path = ISSTracker;
			sourceTree = "<group>";
		};
		39ED0E712B840D9200D387A6 /* Data */ = {
			isa = PBXGroup;
			children = (
				3945CCB62D831364005B6DE2 /* CoreData */,
				39ED0E902B840F5C00D387A6 /* Enum */,
				39ED0E7E2B840DDB00D387A6 /* Repositories */,
				39ED0E7A2B840DCA00D387A6 /* DTO */,
				39ED0E772B840DC100D387A6 /* Constants */,
				39ED0E742B840DAB00D387A6 /* Assets */,
			);
			path = Data;
			sourceTree = "<group>";
		};
		39ED0E722B840D9800D387A6 /* Domain */ = {
			isa = PBXGroup;
			children = (
				3945CCB32D82094C005B6DE2 /* Mapper */,
				3945CCB02D81FF0A005B6DE2 /* Enum */,
				39ED0E962B840F6600D387A6 /* UseCases */,
			);
			path = Domain;
			sourceTree = "<group>";
		};
		39ED0E732B840D9E00D387A6 /* Presentation */ = {
			isa = PBXGroup;
			children = (
				39ED0EB62B840FAE00D387A6 /* ViewModel */,
				39ED0EB32B840FA900D387A6 /* View */,
				39ED0EAC2B840FA300D387A6 /* Subviews */,
				39ED0EA92B840F9F00D387A6 /* Splash */,
				39ED0EA32B840F8600D387A6 /* InitialView */,
				39ED0EA02B840F8200D387A6 /* Model */,
				39ED0E9D2B840F7D00D387A6 /* Constants */,
			);
			path = Presentation;
			sourceTree = "<group>";
		};
		39ED0E742B840DAB00D387A6 /* Assets */ = {
			isa = PBXGroup;
			children = (
				39ED0E752B840DAB00D387A6 /* Assets.xcassets */,
			);
			path = Assets;
			sourceTree = "<group>";
		};
		39ED0E772B840DC100D387A6 /* Constants */ = {
			isa = PBXGroup;
			children = (
				39ED0E782B840DC100D387A6 /* DataConstants.swift */,
			);
			path = Constants;
			sourceTree = "<group>";
		};
		39ED0E7A2B840DCA00D387A6 /* DTO */ = {
			isa = PBXGroup;
			children = (
				39ED0EB92B84113F00D387A6 /* ISSPositionDTO.swift */,
			);
			path = DTO;
			sourceTree = "<group>";
		};
		39ED0E7B2B840DD500D387A6 /*  Dependencies */ = {
			isa = PBXGroup;
			children = (
				39ED0E7C2B840DD500D387A6 /* DependencyContainer.swift */,
			);
			path = " Dependencies";
			sourceTree = "<group>";
		};
		39ED0E7E2B840DDB00D387A6 /* Repositories */ = {
			isa = PBXGroup;
			children = (
				39ED0E7F2B840DDB00D387A6 /* SavePositionCoreDataRepository.swift */,
				39ED0E802B840DDB00D387A6 /* GetPositionCoreDataRepository.swift */,
				39ED0E812B840DDB00D387A6 /* GetPositionAPIClientRepository.swift */,
			);
			path = Repositories;
			sourceTree = "<group>";
		};
		39ED0E902B840F5C00D387A6 /* Enum */ = {
			isa = PBXGroup;
			children = (
				39ED0E912B840F5C00D387A6 /* ISSPositionDataError.swift */,
			);
			path = Enum;
			sourceTree = "<group>";
		};
		39ED0E932B840F6000D387A6 /* UseCaseProvider */ = {
			isa = PBXGroup;
			children = (
				39ED0E942B840F6000D387A6 /* ISSPositionUseCaseProvider.swift */,
			);
			path = UseCaseProvider;
			sourceTree = "<group>";
		};
		39ED0E962B840F6600D387A6 /* UseCases */ = {
			isa = PBXGroup;
			children = (
				39ED0E972B840F6600D387A6 /* GetPositionAPIClientUseCase.swift */,
				39ED0E982B840F6600D387A6 /* SavePositionCoreDataUseCase.swift */,
				39ED0E992B840F6600D387A6 /* GetPositionCoreDataUseCase.swift */,
			);
			path = UseCases;
			sourceTree = "<group>";
		};
		39ED0E9D2B840F7D00D387A6 /* Constants */ = {
			isa = PBXGroup;
			children = (
				39ED0E9E2B840F7D00D387A6 /* PresentationConstants.swift */,
			);
			path = Constants;
			sourceTree = "<group>";
		};
		39ED0EA02B840F8200D387A6 /* Model */ = {
			isa = PBXGroup;
			children = (
				39ED0EA12B840F8200D387A6 /* ISSPositionModel.swift */,
			);
			path = Model;
			sourceTree = "<group>";
		};
		39ED0EA32B840F8600D387A6 /* InitialView */ = {
			isa = PBXGroup;
			children = (
				39ED0EA42B840F8600D387A6 /* InitialView.swift */,
			);
			path = InitialView;
			sourceTree = "<group>";
		};
		39ED0EA62B840F9200D387A6 /* Main */ = {
			isa = PBXGroup;
			children = (
				39ED0EA72B840F9200D387A6 /* ISS_trackerApp.swift */,
			);
			path = Main;
			sourceTree = "<group>";
		};
		39ED0EA92B840F9F00D387A6 /* Splash */ = {
			isa = PBXGroup;
			children = (
				39ED0EAA2B840F9F00D387A6 /* SplashView.swift */,
			);
			path = Splash;
			sourceTree = "<group>";
		};
		39ED0EAC2B840FA300D387A6 /* Subviews */ = {
			isa = PBXGroup;
			children = (
				39ED0EAD2B840FA300D387A6 /* MapView.swift */,
				39ED0EAE2B840FA300D387A6 /* LabelsView.swift */,
				39ED0EAF2B840FA300D387A6 /* ButtonsView.swift */,
			);
			path = Subviews;
			sourceTree = "<group>";
		};
		39ED0EB32B840FA900D387A6 /* View */ = {
			isa = PBXGroup;
			children = (
				39ED0EB42B840FA900D387A6 /* ISSPositionView.swift */,
			);
			path = View;
			sourceTree = "<group>";
		};
		39ED0EB62B840FAE00D387A6 /* ViewModel */ = {
			isa = PBXGroup;
			children = (
				39ED0EB72B840FAE00D387A6 /* ISSPositionViewModel.swift */,
			);
			path = ViewModel;
			sourceTree = "<group>";
		};
/* End PBXGroup section */

/* Begin PBXNativeTarget section */
		39ED0E5A2B840D7D00D387A6 /* ISSTracker */ = {
			isa = PBXNativeTarget;
			buildConfigurationList = 39ED0E6E2B840D7E00D387A6 /* Build configuration list for PBXNativeTarget "ISSTracker" */;
			buildPhases = (
				39ED0E572B840D7D00D387A6 /* Sources */,
				39ED0E582B840D7D00D387A6 /* Frameworks */,
				39ED0E592B840D7D00D387A6 /* Resources */,
			);
			buildRules = (
			);
			dependencies = (
			);
			name = ISSTracker;
			productName = ISSTracker;
			productReference = 39ED0E5B2B840D7D00D387A6 /* ISSTracker.app */;
			productType = "com.apple.product-type.application";
		};
/* End PBXNativeTarget section */

/* Begin PBXProject section */
		39ED0E532B840D7D00D387A6 /* Project object */ = {
			isa = PBXProject;
			attributes = {
				BuildIndependentTargetsInParallel = 1;
				LastSwiftUpdateCheck = 1430;
				LastUpgradeCheck = 1430;
				TargetAttributes = {
					39ED0E5A2B840D7D00D387A6 = {
						CreatedOnToolsVersion = 14.3;
					};
				};
			};
			buildConfigurationList = 39ED0E562B840D7D00D387A6 /* Build configuration list for PBXProject "ISSTracker" */;
			compatibilityVersion = "Xcode 14.0";
			developmentRegion = en;
			hasScannedForEncodings = 0;
			knownRegions = (
				en,
				Base,
			);
			mainGroup = 39ED0E522B840D7D00D387A6;
			productRefGroup = 39ED0E5C2B840D7D00D387A6 /* Products */;
			projectDirPath = "";
			projectRoot = "";
			targets = (
				39ED0E5A2B840D7D00D387A6 /* ISSTracker */,
			);
		};
/* End PBXProject section */

/* Begin PBXResourcesBuildPhase section */
		39ED0E592B840D7D00D387A6 /* Resources */ = {
			isa = PBXResourcesBuildPhase;
			buildActionMask = 2147483647;
			files = (
				39ED0E762B840DAB00D387A6 /* Assets.xcassets in Resources */,
			);
			runOnlyForDeploymentPostprocessing = 0;
		};
/* End PBXResourcesBuildPhase section */

/* Begin PBXSourcesBuildPhase section */
		39ED0E572B840D7D00D387A6 /* Sources */ = {
			isa = PBXSourcesBuildPhase;
			buildActionMask = 2147483647;
			files = (
				39ED0EB12B840FA300D387A6 /* LabelsView.swift in Sources */,
				39ED0EAB2B840F9F00D387A6 /* SplashView.swift in Sources */,
				39ED0EBA2B84113F00D387A6 /* ISSPositionDTO.swift in Sources */,
				39ED0EA82B840F9200D387A6 /* ISS_trackerApp.swift in Sources */,
				39ED0E792B840DC100D387A6 /* DataConstants.swift in Sources */,
				39ED0E952B840F6000D387A6 /* ISSPositionUseCaseProvider.swift in Sources */,
				3945CCCD2D8329ED005B6DE2 /* CoreDataManager.swift in Sources */,
				39ED0EB22B840FA300D387A6 /* ButtonsView.swift in Sources */,
				39ED0E9C2B840F6600D387A6 /* GetPositionCoreDataUseCase.swift in Sources */,
				39ED0E9A2B840F6600D387A6 /* GetPositionAPIClientUseCase.swift in Sources */,
				3945CCB22D81FF20005B6DE2 /*  ISSPositionDomainError.swift in Sources */,
				39ED0E9B2B840F6600D387A6 /* SavePositionCoreDataUseCase.swift in Sources */,
				39ED0EB02B840FA300D387A6 /* MapView.swift in Sources */,
				39ED0E7D2B840DD500D387A6 /* DependencyContainer.swift in Sources */,
				39ED0E9F2B840F7D00D387A6 /* PresentationConstants.swift in Sources */,
				3945CCB52D82098A005B6DE2 /* ISSPositionMapper.swift in Sources */,
				39ED0E922B840F5C00D387A6 /* ISSPositionDataError.swift in Sources */,
				39ED0EA52B840F8600D387A6 /* InitialView.swift in Sources */,
				39ED0E822B840DDB00D387A6 /* SavePositionCoreDataRepository.swift in Sources */,
				39ED0EB82B840FAE00D387A6 /* ISSPositionViewModel.swift in Sources */,
				3945CCD72D835C7B005B6DE2 /* LastPositionModel.xcdatamodeld in Sources */,
				39ED0E832B840DDB00D387A6 /* GetPositionCoreDataRepository.swift in Sources */,
				39ED0EA22B840F8200D387A6 /* ISSPositionModel.swift in Sources */,
				39ED0E842B840DDB00D387A6 /* GetPositionAPIClientRepository.swift in Sources */,
				3945CCCA2D832834005B6DE2 /* LastPositionModel+CoreDataClass.swift in Sources */,
				3945CCCB2D832834005B6DE2 /* LastPositionModel+CoreDataProperties.swift in Sources */,
				39ED0EB52B840FA900D387A6 /* ISSPositionView.swift in Sources */,
			);
			runOnlyForDeploymentPostprocessing = 0;
		};
/* End PBXSourcesBuildPhase section */

/* Begin XCBuildConfiguration section */
		39ED0E6C2B840D7E00D387A6 /* Debug */ = {
			isa = XCBuildConfiguration;
			buildSettings = {
				ALWAYS_SEARCH_USER_PATHS = NO;
				CLANG_ANALYZER_NONNULL = YES;
				CLANG_ANALYZER_NUMBER_OBJECT_CONVERSION = YES_AGGRESSIVE;
				CLANG_CXX_LANGUAGE_STANDARD = "gnu++20";
				CLANG_ENABLE_MODULES = YES;
				CLANG_ENABLE_OBJC_ARC = YES;
				CLANG_ENABLE_OBJC_WEAK = YES;
				CLANG_WARN_BLOCK_CAPTURE_AUTORELEASING = YES;
				CLANG_WARN_BOOL_CONVERSION = YES;
				CLANG_WARN_COMMA = YES;
				CLANG_WARN_CONSTANT_CONVERSION = YES;
				CLANG_WARN_DEPRECATED_OBJC_IMPLEMENTATIONS = YES;
				CLANG_WARN_DIRECT_OBJC_ISA_USAGE = YES_ERROR;
				CLANG_WARN_DOCUMENTATION_COMMENTS = YES;
				CLANG_WARN_EMPTY_BODY = YES;
				CLANG_WARN_ENUM_CONVERSION = YES;
				CLANG_WARN_INFINITE_RECURSION = YES;
				CLANG_WARN_INT_CONVERSION = YES;
				CLANG_WARN_NON_LITERAL_NULL_CONVERSION = YES;
				CLANG_WARN_OBJC_IMPLICIT_RETAIN_SELF = YES;
				CLANG_WARN_OBJC_LITERAL_CONVERSION = YES;
				CLANG_WARN_OBJC_ROOT_CLASS = YES_ERROR;
				CLANG_WARN_QUOTED_INCLUDE_IN_FRAMEWORK_HEADER = YES;
				CLANG_WARN_RANGE_LOOP_ANALYSIS = YES;
				CLANG_WARN_STRICT_PROTOTYPES = YES;
				CLANG_WARN_SUSPICIOUS_MOVE = YES;
				CLANG_WARN_UNGUARDED_AVAILABILITY = YES_AGGRESSIVE;
				CLANG_WARN_UNREACHABLE_CODE = YES;
				CLANG_WARN__DUPLICATE_METHOD_MATCH = YES;
				COPY_PHASE_STRIP = NO;
				DEBUG_INFORMATION_FORMAT = dwarf;
				ENABLE_STRICT_OBJC_MSGSEND = YES;
				ENABLE_TESTABILITY = YES;
				GCC_C_LANGUAGE_STANDARD = gnu11;
				GCC_DYNAMIC_NO_PIC = NO;
				GCC_NO_COMMON_BLOCKS = YES;
				GCC_OPTIMIZATION_LEVEL = 0;
				GCC_PREPROCESSOR_DEFINITIONS = (
					"DEBUG=1",
					"$(inherited)",
				);
				GCC_WARN_64_TO_32_BIT_CONVERSION = YES;
				GCC_WARN_ABOUT_RETURN_TYPE = YES_ERROR;
				GCC_WARN_UNDECLARED_SELECTOR = YES;
				GCC_WARN_UNINITIALIZED_AUTOS = YES_AGGRESSIVE;
				GCC_WARN_UNUSED_FUNCTION = YES;
				GCC_WARN_UNUSED_VARIABLE = YES;
				IPHONEOS_DEPLOYMENT_TARGET = 16.4;
				MTL_ENABLE_DEBUG_INFO = INCLUDE_SOURCE;
				MTL_FAST_MATH = YES;
				ONLY_ACTIVE_ARCH = YES;
				SDKROOT = iphoneos;
				SWIFT_ACTIVE_COMPILATION_CONDITIONS = DEBUG;
				SWIFT_OPTIMIZATION_LEVEL = "-Onone";
			};
			name = Debug;
		};
		39ED0E6D2B840D7E00D387A6 /* Release */ = {
			isa = XCBuildConfiguration;
			buildSettings = {
				ALWAYS_SEARCH_USER_PATHS = NO;
				CLANG_ANALYZER_NONNULL = YES;
				CLANG_ANALYZER_NUMBER_OBJECT_CONVERSION = YES_AGGRESSIVE;
				CLANG_CXX_LANGUAGE_STANDARD = "gnu++20";
				CLANG_ENABLE_MODULES = YES;
				CLANG_ENABLE_OBJC_ARC = YES;
				CLANG_ENABLE_OBJC_WEAK = YES;
				CLANG_WARN_BLOCK_CAPTURE_AUTORELEASING = YES;
				CLANG_WARN_BOOL_CONVERSION = YES;
				CLANG_WARN_COMMA = YES;
				CLANG_WARN_CONSTANT_CONVERSION = YES;
				CLANG_WARN_DEPRECATED_OBJC_IMPLEMENTATIONS = YES;
				CLANG_WARN_DIRECT_OBJC_ISA_USAGE = YES_ERROR;
				CLANG_WARN_DOCUMENTATION_COMMENTS = YES;
				CLANG_WARN_EMPTY_BODY = YES;
				CLANG_WARN_ENUM_CONVERSION = YES;
				CLANG_WARN_INFINITE_RECURSION = YES;
				CLANG_WARN_INT_CONVERSION = YES;
				CLANG_WARN_NON_LITERAL_NULL_CONVERSION = YES;
				CLANG_WARN_OBJC_IMPLICIT_RETAIN_SELF = YES;
				CLANG_WARN_OBJC_LITERAL_CONVERSION = YES;
				CLANG_WARN_OBJC_ROOT_CLASS = YES_ERROR;
				CLANG_WARN_QUOTED_INCLUDE_IN_FRAMEWORK_HEADER = YES;
				CLANG_WARN_RANGE_LOOP_ANALYSIS = YES;
				CLANG_WARN_STRICT_PROTOTYPES = YES;
				CLANG_WARN_SUSPICIOUS_MOVE = YES;
				CLANG_WARN_UNGUARDED_AVAILABILITY = YES_AGGRESSIVE;
				CLANG_WARN_UNREACHABLE_CODE = YES;
				CLANG_WARN__DUPLICATE_METHOD_MATCH = YES;
				COPY_PHASE_STRIP = NO;
				DEBUG_INFORMATION_FORMAT = "dwarf-with-dsym";
				ENABLE_NS_ASSERTIONS = NO;
				ENABLE_STRICT_OBJC_MSGSEND = YES;
				GCC_C_LANGUAGE_STANDARD = gnu11;
				GCC_NO_COMMON_BLOCKS = YES;
				GCC_WARN_64_TO_32_BIT_CONVERSION = YES;
				GCC_WARN_ABOUT_RETURN_TYPE = YES_ERROR;
				GCC_WARN_UNDECLARED_SELECTOR = YES;
				GCC_WARN_UNINITIALIZED_AUTOS = YES_AGGRESSIVE;
				GCC_WARN_UNUSED_FUNCTION = YES;
				GCC_WARN_UNUSED_VARIABLE = YES;
				IPHONEOS_DEPLOYMENT_TARGET = 16.4;
				MTL_ENABLE_DEBUG_INFO = NO;
				MTL_FAST_MATH = YES;
				SDKROOT = iphoneos;
				SWIFT_COMPILATION_MODE = wholemodule;
				SWIFT_OPTIMIZATION_LEVEL = "-O";
				VALIDATE_PRODUCT = YES;
			};
			name = Release;
		};
		39ED0E6F2B840D7E00D387A6 /* Debug */ = {
			isa = XCBuildConfiguration;
			buildSettings = {
				ASSETCATALOG_COMPILER_APPICON_NAME = AppIcon;
				ASSETCATALOG_COMPILER_GLOBAL_ACCENT_COLOR_NAME = AccentColor;
				CODE_SIGN_STYLE = Automatic;
				CURRENT_PROJECT_VERSION = 1;
				DEVELOPMENT_ASSET_PATHS = "";
				DEVELOPMENT_TEAM = DUK53CNJ95;
				ENABLE_PREVIEWS = YES;
				GCC_WARN_HIDDEN_VIRTUAL_FUNCTIONS = NO;
				GENERATE_INFOPLIST_FILE = YES;
				INFOPLIST_FILE = ISSTracker/Info.plist;
				INFOPLIST_KEY_LSApplicationCategoryType = "";
				INFOPLIST_KEY_UIApplicationSceneManifest_Generation = YES;
				INFOPLIST_KEY_UIApplicationSupportsIndirectInputEvents = YES;
				INFOPLIST_KEY_UILaunchScreen_Generation = YES;
				INFOPLIST_KEY_UISupportedInterfaceOrientations_iPad = "UIInterfaceOrientationPortrait UIInterfaceOrientationPortraitUpsideDown UIInterfaceOrientationLandscapeLeft UIInterfaceOrientationLandscapeRight";
				INFOPLIST_KEY_UISupportedInterfaceOrientations_iPhone = "UIInterfaceOrientationPortrait UIInterfaceOrientationLandscapeLeft UIInterfaceOrientationLandscapeRight";
				INFOPLIST_OUTPUT_FORMAT = binary;
				INFOPLIST_PREPROCESS = YES;
				IPHONEOS_DEPLOYMENT_TARGET = 16.0;
				LD_RUNPATH_SEARCH_PATHS = (
					"$(inherited)",
					"@executable_path/Frameworks",
				);
				MARKETING_VERSION = 1;
				PRODUCT_BUNDLE_IDENTIFIER = jfernandezirujo.ISSTracker;
				PRODUCT_NAME = "$(TARGET_NAME)";
				SWIFT_EMIT_LOC_STRINGS = YES;
				SWIFT_VERSION = 5.0;
				TARGETED_DEVICE_FAMILY = "1,2";
			};
			name = Debug;
		};
		39ED0E702B840D7E00D387A6 /* Release */ = {
			isa = XCBuildConfiguration;
			buildSettings = {
				ASSETCATALOG_COMPILER_APPICON_NAME = AppIcon;
				ASSETCATALOG_COMPILER_GLOBAL_ACCENT_COLOR_NAME = AccentColor;
				CODE_SIGN_STYLE = Automatic;
				CURRENT_PROJECT_VERSION = 1;
				DEVELOPMENT_ASSET_PATHS = "";
				DEVELOPMENT_TEAM = DUK53CNJ95;
				ENABLE_PREVIEWS = YES;
				GCC_WARN_HIDDEN_VIRTUAL_FUNCTIONS = NO;
				GENERATE_INFOPLIST_FILE = YES;
				INFOPLIST_FILE = ISSTracker/Info.plist;
				INFOPLIST_KEY_LSApplicationCategoryType = "";
				INFOPLIST_KEY_UIApplicationSceneManifest_Generation = YES;
				INFOPLIST_KEY_UIApplicationSupportsIndirectInputEvents = YES;
				INFOPLIST_KEY_UILaunchScreen_Generation = YES;
				INFOPLIST_KEY_UISupportedInterfaceOrientations_iPad = "UIInterfaceOrientationPortrait UIInterfaceOrientationPortraitUpsideDown UIInterfaceOrientationLandscapeLeft UIInterfaceOrientationLandscapeRight";
				INFOPLIST_KEY_UISupportedInterfaceOrientations_iPhone = "UIInterfaceOrientationPortrait UIInterfaceOrientationLandscapeLeft UIInterfaceOrientationLandscapeRight";
				INFOPLIST_OUTPUT_FORMAT = binary;
				INFOPLIST_PREPROCESS = YES;
				IPHONEOS_DEPLOYMENT_TARGET = 16.0;
				LD_RUNPATH_SEARCH_PATHS = (
					"$(inherited)",
					"@executable_path/Frameworks",
				);
				MARKETING_VERSION = 1;
				PRODUCT_BUNDLE_IDENTIFIER = jfernandezirujo.ISSTracker;
				PRODUCT_NAME = "$(TARGET_NAME)";
				SWIFT_EMIT_LOC_STRINGS = YES;
				SWIFT_VERSION = 5.0;
				TARGETED_DEVICE_FAMILY = "1,2";
			};
			name = Release;
		};
/* End XCBuildConfiguration section */

/* Begin XCConfigurationList section */
		39ED0E562B840D7D00D387A6 /* Build configuration list for PBXProject "ISSTracker" */ = {
			isa = XCConfigurationList;
			buildConfigurations = (
				39ED0E6C2B840D7E00D387A6 /* Debug */,
				39ED0E6D2B840D7E00D387A6 /* Release */,
			);
			defaultConfigurationIsVisible = 0;
			defaultConfigurationName = Release;
		};
		39ED0E6E2B840D7E00D387A6 /* Build configuration list for PBXNativeTarget "ISSTracker" */ = {
			isa = XCConfigurationList;
			buildConfigurations = (
				39ED0E6F2B840D7E00D387A6 /* Debug */,
				39ED0E702B840D7E00D387A6 /* Release */,
			);
			defaultConfigurationIsVisible = 0;
			defaultConfigurationName = Release;
		};
/* End XCConfigurationList section */

/* Begin XCVersionGroup section */
		3945CCD52D835C7B005B6DE2 /* LastPositionModel.xcdatamodeld */ = {
			isa = XCVersionGroup;
			children = (
				3945CCD62D835C7B005B6DE2 /* LastPositionModel.xcdatamodel */,
			);
			currentVersion = 3945CCD62D835C7B005B6DE2 /* LastPositionModel.xcdatamodel */;
			name = LastPositionModel.xcdatamodeld;
			path = /Users/julieta.fi/Desktop/ISSTracker/ISSTracker/Data/CoreData/LastPositionModel.xcdatamodeld;
			sourceTree = "<group>";
			versionGroupType = wrapper.xcdatamodel;
		};
/* End XCVersionGroup section */
	};
	rootObject = 39ED0E532B840D7D00D387A6 /* Project object */;
}
